
Microsoft Visual Studio Solution File, Format Version 12.00
# Visual Studio Version 17
VisualStudioVersion = 17.7.34024.191
MinimumVisualStudioVersion = 10.0.40219.1
Project("{FAE04EC0-301F-11D3-BF4B-00C04F79EFBC}") = "CRUDSqlite.Android", "CRUDSqlite\CRUDSqlite.Android\CRUDSqlite.Android.csproj", "{8172732C-90E9-4DBC-AE0A-BA1684A5916B}"
EndProject
Project("{FAE04EC0-301F-11D3-BF4B-00C04F79EFBC}") = "CRUDSqlite.iOS", "CRUDSqlite\CRUDSqlite.iOS\CRUDSqlite.iOS.csproj", "{4026EA80-D62E-4DE4-B95C-BF41E8DA61FF}"
EndProject
Project("{FAE04EC0-301F-11D3-BF4B-00C04F79EFBC}") = "CRUDSqlite", "CRUDSqlite\CRUDSqlite\CRUDSqlite.csproj", "{DCB66C68-66E1-47E8-A83F-9B47914A6687}"
EndProject
Global
	GlobalSection(SolutionConfigurationPlatforms) = preSolution
		Debug|Any CPU = Debug|Any CPU
		Debug|iPhone = Debug|iPhone
		Debug|iPhoneSimulator = Debug|iPhoneSimulator
		Release|Any CPU = Release|Any CPU
		Release|iPhone = Release|iPhone
		Release|iPhoneSimulator = Release|iPhoneSimulator
	EndGlobalSection
	GlobalSection(ProjectConfigurationPlatforms) = postSolution
		{8172732C-90E9-4DBC-AE0A-BA1684A5916B}.Debug|Any CPU.ActiveCfg = Debug|Any CPU
		{8172732C-90E9-4DBC-AE0A-BA1684A5916B}.Debug|Any CPU.Build.0 = Debug|Any CPU
		{8172732C-90E9-4DBC-AE0A-BA1684A5916B}.Debug|Any CPU.Deploy.0 = Debug|Any CPU
		{8172732C-90E9-4DBC-AE0A-BA1684A5916B}.Debug|iPhone.ActiveCfg = Debug|Any CPU
		{8172732C-90E9-4DBC-AE0A-BA1684A5916B}.Debug|iPhone.Build.0 = Debug|Any CPU
		{8172732C-90E9-4DBC-AE0A-BA1684A5916B}.Debug|iPhone.Deploy.0 = Debug|Any CPU
		{8172732C-90E9-4DBC-AE0A-BA1684A5916B}.Debug|iPhoneSimulator.ActiveCfg = Debug|Any CPU
		{8172732C-90E9-4DBC-AE0A-BA1684A5916B}.Debug|iPhoneSimulator.Build.0 = Debug|Any CPU
		{8172732C-90E9-4DBC-AE0A-BA1684A5916B}.Debug|iPhoneSimulator.Deploy.0 = Debug|Any CPU
		{8172732C-90E9-4DBC-AE0A-BA1684A5916B}.Release|Any CPU.ActiveCfg = Release|Any CPU
		{8172732C-90E9-4DBC-AE0A-BA1684A5916B}.Release|Any CPU.Build.0 = Release|Any CPU
		{8172732C-90E9-4DBC-AE0A-BA1684A5916B}.Release|Any CPU.Deploy.0 = Release|Any CPU
		{8172732C-90E9-4DBC-AE0A-BA1684A5916B}.Release|iPhone.ActiveCfg = Release|Any CPU
		{8172732C-90E9-4DBC-AE0A-BA1684A5916B}.Release|iPhone.Build.0 = Release|Any CPU
		{8172732C-90E9-4DBC-AE0A-BA1684A5916B}.Release|iPhone.Deploy.0 = Release|Any CPU
		{8172732C-90E9-4DBC-AE0A-BA1684A5916B}.Release|iPhoneSimulator.ActiveCfg = Release|Any CPU
		{8172732C-90E9-4DBC-AE0A-BA1684A5916B}.Release|iPhoneSimulator.Build.0 = Release|Any CPU
		{8172732C-90E9-4DBC-AE0A-BA1684A5916B}.Release|iPhoneSimulator.Deploy.0 = Release|Any CPU
		{4026EA80-D62E-4DE4-B95C-BF41E8DA61FF}.Debug|Any CPU.ActiveCfg = Debug|iPhone
		{4026EA80-D62E-4DE4-B95C-BF41E8DA61FF}.Debug|Any CPU.Build.0 = Debug|iPhone
		{4026EA80-D62E-4DE4-B95C-BF41E8DA61FF}.Debug|Any CPU.Deploy.0 = Debug|iPhone
		{4026EA80-D62E-4DE4-B95C-BF41E8DA61FF}.Debug|iPhone.ActiveCfg = Debug|iPhone
		{4026EA80-D62E-4DE4-B95C-BF41E8DA61FF}.Debug|iPhone.Build.0 = Debug|iPhone
		{4026EA80-D62E-4DE4-B95C-BF41E8DA61FF}.Debug|iPhone.Deploy.0 = Debug|iPhone
		{4026EA80-D62E-4DE4-B95C-BF41E8DA61FF}.Debug|iPhoneSimulator.ActiveCfg = Debug|iPhoneSimulator
		{4026EA80-D62E-4DE4-B95C-BF41E8DA61FF}.Debug|iPhoneSimulator.Build.0 = Debug|iPhoneSimulator
		{4026EA80-D62E-4DE4-B95C-BF41E8DA61FF}.Debug|iPhoneSimulator.Deploy.0 = Debug|iPhoneSimulator
		{4026EA80-D62E-4DE4-B95C-BF41E8DA61FF}.Release|Any CPU.ActiveCfg = Release|iPhoneSimulator
		{4026EA80-D62E-4DE4-B95C-BF41E8DA61FF}.Release|Any CPU.Build.0 = Release|iPhoneSimulator
		{4026EA80-D62E-4DE4-B95C-BF41E8DA61FF}.Release|Any CPU.Deploy.0 = Release|iPhoneSimulator
		{4026EA80-D62E-4DE4-B95C-BF41E8DA61FF}.Release|iPhone.ActiveCfg = Release|iPhone
		{4026EA80-D62E-4DE4-B95C-BF41E8DA61FF}.Release|iPhone.Build.0 = Release|iPhone
		{4026EA80-D62E-4DE4-B95C-BF41E8DA61FF}.Release|iPhone.Deploy.0 = Release|iPhone
		{4026EA80-D62E-4DE4-B95C-BF41E8DA61FF}.Release|iPhoneSimulator.ActiveCfg = Release|iPhoneSimulator
		{4026EA80-D62E-4DE4-B95C-BF41E8DA61FF}.Release|iPhoneSimulator.Build.0 = Release|iPhoneSimulator
		{4026EA80-D62E-4DE4-B95C-BF41E8DA61FF}.Release|iPhoneSimulator.Deploy.0 = Release|iPhoneSimulator
		{DCB66C68-66E1-47E8-A83F-9B47914A6687}.Debug|Any CPU.ActiveCfg = Debug|Any CPU
		{DCB66C68-66E1-47E8-A83F-9B47914A6687}.Debug|Any CPU.Build.0 = Debug|Any CPU
		{DCB66C68-66E1-47E8-A83F-9B47914A6687}.Debug|Any CPU.Deploy.0 = Debug|Any CPU
		{DCB66C68-66E1-47E8-A83F-9B47914A6687}.Debug|iPhone.ActiveCfg = Debug|Any CPU
		{DCB66C68-66E1-47E8-A83F-9B47914A6687}.Debug|iPhone.Build.0 = Debug|Any CPU
		{DCB66C68-66E1-47E8-A83F-9B47914A6687}.Debug|iPhone.Deploy.0 = Debug|Any CPU
		{DCB66C68-66E1-47E8-A83F-9B47914A6687}.Debug|iPhoneSimulator.ActiveCfg = Debug|Any CPU
		{DCB66C68-66E1-47E8-A83F-9B47914A6687}.Debug|iPhoneSimulator.Build.0 = Debug|Any CPU
		{DCB66C68-66E1-47E8-A83F-9B47914A6687}.Debug|iPhoneSimulator.Deploy.0 = Debug|Any CPU
		{DCB66C68-66E1-47E8-A83F-9B47914A6687}.Release|Any CPU.ActiveCfg = Release|Any CPU
		{DCB66C68-66E1-47E8-A83F-9B47914A6687}.Release|Any CPU.Build.0 = Release|Any CPU
		{DCB66C68-66E1-47E8-A83F-9B47914A6687}.Release|Any CPU.Deploy.0 = Release|Any CPU
		{DCB66C68-66E1-47E8-A83F-9B47914A6687}.Release|iPhone.ActiveCfg = Release|Any CPU
		{DCB66C68-66E1-47E8-A83F-9B47914A6687}.Release|iPhone.Build.0 = Release|Any CPU
		{DCB66C68-66E1-47E8-A83F-9B47914A6687}.Release|iPhone.Deploy.0 = Release|Any CPU
		{DCB66C68-66E1-47E8-A83F-9B47914A6687}.Release|iPhoneSimulator.ActiveCfg = Release|Any CPU
		{DCB66C68-66E1-47E8-A83F-9B47914A6687}.Release|iPhoneSimulator.Build.0 = Release|Any CPU
		{DCB66C68-66E1-47E8-A83F-9B47914A6687}.Release|iPhoneSimulator.Deploy.0 = Release|Any CPU
	EndGlobalSection
	GlobalSection(SolutionProperties) = preSolution
		HideSolutionNode = FALSE
	EndGlobalSection
	GlobalSection(ExtensibilityGlobals) = postSolution
		SolutionGuid = {886DE165-F035-4737-B138-7016E28D115A}
	EndGlobalSection
EndGlobal
